
Microsoft Visual Studio Solution File, Format Version 12.00
# Visual Studio Version 16
VisualStudioVersion = 16.0.30114.128
MinimumVisualStudioVersion = 15.0.26124.0
Project("{2150E333-8FDC-42A3-9474-1A3956D46DE8}") = "src", "src", "{F2C77C1C-CCD0-469C-B13C-D1A26ED0EA67}"
EndProject
Project("{9A19103F-16F7-4668-BE54-9A1E7A4F7556}") = "IdentityServer", "src\IdentityServer\IdentityServer.csproj", "{38269559-B277-401C-9EE1-99D509F0D7D6}"
EndProject
Project("{9A19103F-16F7-4668-BE54-9A1E7A4F7556}") = "Api", "src\Api\Api.csproj", "{928410D5-D48D-4E3F-8F1F-FE7F283C335C}"
EndProject
Project("{9A19103F-16F7-4668-BE54-9A1E7A4F7556}") = "Client", "src\Client\Client.csproj", "{A1F5F7BB-05EA-451E-8CB9-611753F5FDCF}"
EndProject
Project("{9A19103F-16F7-4668-BE54-9A1E7A4F7556}") = "WebClient", "src\WebClient\WebClient.csproj", "{C55EFF38-8344-41F1-BD70-80E81F23A165}"
EndProject
Project("{FAE04EC0-301F-11D3-BF4B-00C04F79EFBC}") = "EF Core", "EF Core\EF Core.csproj", "{783006F6-3894-47E2-99F8-223D1E218E68}"
EndProject
Global
	GlobalSection(SolutionConfigurationPlatforms) = preSolution
		Debug|Any CPU = Debug|Any CPU
		Debug|x64 = Debug|x64
		Debug|x86 = Debug|x86
		Release|Any CPU = Release|Any CPU
		Release|x64 = Release|x64
		Release|x86 = Release|x86
	EndGlobalSection
	GlobalSection(ProjectConfigurationPlatforms) = postSolution
		{38269559-B277-401C-9EE1-99D509F0D7D6}.Debug|Any CPU.ActiveCfg = Debug|Any CPU
		{38269559-B277-401C-9EE1-99D509F0D7D6}.Debug|Any CPU.Build.0 = Debug|Any CPU
		{38269559-B277-401C-9EE1-99D509F0D7D6}.Debug|x64.ActiveCfg = Debug|Any CPU
		{38269559-B277-401C-9EE1-99D509F0D7D6}.Debug|x64.Build.0 = Debug|Any CPU
		{38269559-B277-401C-9EE1-99D509F0D7D6}.Debug|x86.ActiveCfg = Debug|Any CPU
		{38269559-B277-401C-9EE1-99D509F0D7D6}.Debug|x86.Build.0 = Debug|Any CPU
		{38269559-B277-401C-9EE1-99D509F0D7D6}.Release|Any CPU.ActiveCfg = Release|Any CPU
		{38269559-B277-401C-9EE1-99D509F0D7D6}.Release|Any CPU.Build.0 = Release|Any CPU
		{38269559-B277-401C-9EE1-99D509F0D7D6}.Release|x64.ActiveCfg = Release|Any CPU
		{38269559-B277-401C-9EE1-99D509F0D7D6}.Release|x64.Build.0 = Release|Any CPU
		{38269559-B277-401C-9EE1-99D509F0D7D6}.Release|x86.ActiveCfg = Release|Any CPU
		{38269559-B277-401C-9EE1-99D509F0D7D6}.Release|x86.Build.0 = Release|Any CPU
		{928410D5-D48D-4E3F-8F1F-FE7F283C335C}.Debug|Any CPU.ActiveCfg = Debug|Any CPU
		{928410D5-D48D-4E3F-8F1F-FE7F283C335C}.Debug|Any CPU.Build.0 = Debug|Any CPU
		{928410D5-D48D-4E3F-8F1F-FE7F283C335C}.Debug|x64.ActiveCfg = Debug|Any CPU
		{928410D5-D48D-4E3F-8F1F-FE7F283C335C}.Debug|x64.Build.0 = Debug|Any CPU
		{928410D5-D48D-4E3F-8F1F-FE7F283C335C}.Debug|x86.ActiveCfg = Debug|Any CPU
		{928410D5-D48D-4E3F-8F1F-FE7F283C335C}.Debug|x86.Build.0 = Debug|Any CPU
		{928410D5-D48D-4E3F-8F1F-FE7F283C335C}.Release|Any CPU.ActiveCfg = Release|Any CPU
		{928410D5-D48D-4E3F-8F1F-FE7F283C335C}.Release|Any CPU.Build.0 = Release|Any CPU
		{928410D5-D48D-4E3F-8F1F-FE7F283C335C}.Release|x64.ActiveCfg = Release|Any CPU
		{928410D5-D48D-4E3F-8F1F-FE7F283C335C}.Release|x64.Build.0 = Release|Any CPU
		{928410D5-D48D-4E3F-8F1F-FE7F283C335C}.Release|x86.ActiveCfg = Release|Any CPU
		{928410D5-D48D-4E3F-8F1F-FE7F283C335C}.Release|x86.Build.0 = Release|Any CPU
		{A1F5F7BB-05EA-451E-8CB9-611753F5FDCF}.Debug|Any CPU.ActiveCfg = Debug|Any CPU
		{A1F5F7BB-05EA-451E-8CB9-611753F5FDCF}.Debug|Any CPU.Build.0 = Debug|Any CPU
		{A1F5F7BB-05EA-451E-8CB9-611753F5FDCF}.Debug|x64.ActiveCfg = Debug|Any CPU
		{A1F5F7BB-05EA-451E-8CB9-611753F5FDCF}.Debug|x64.Build.0 = Debug|Any CPU
		{A1F5F7BB-05EA-451E-8CB9-611753F5FDCF}.Debug|x86.ActiveCfg = Debug|Any CPU
		{A1F5F7BB-05EA-451E-8CB9-611753F5FDCF}.Debug|x86.Build.0 = Debug|Any CPU
		{A1F5F7BB-05EA-451E-8CB9-611753F5FDCF}.Release|Any CPU.ActiveCfg = Release|Any CPU
		{A1F5F7BB-05EA-451E-8CB9-611753F5FDCF}.Release|Any CPU.Build.0 = Release|Any CPU
		{A1F5F7BB-05EA-451E-8CB9-611753F5FDCF}.Release|x64.ActiveCfg = Release|Any CPU
		{A1F5F7BB-05EA-451E-8CB9-611753F5FDCF}.Release|x64.Build.0 = Release|Any CPU
		{A1F5F7BB-05EA-451E-8CB9-611753F5FDCF}.Release|x86.ActiveCfg = Release|Any CPU
		{A1F5F7BB-05EA-451E-8CB9-611753F5FDCF}.Release|x86.Build.0 = Release|Any CPU
		{C55EFF38-8344-41F1-BD70-80E81F23A165}.Debug|Any CPU.ActiveCfg = Debug|Any CPU
		{C55EFF38-8344-41F1-BD70-80E81F23A165}.Debug|Any CPU.Build.0 = Debug|Any CPU
		{C55EFF38-8344-41F1-BD70-80E81F23A165}.Debug|x64.ActiveCfg = Debug|Any CPU
		{C55EFF38-8344-41F1-BD70-80E81F23A165}.Debug|x64.Build.0 = Debug|Any CPU
		{C55EFF38-8344-41F1-BD70-80E81F23A165}.Debug|x86.ActiveCfg = Debug|Any CPU
		{C55EFF38-8344-41F1-BD70-80E81F23A165}.Debug|x86.Build.0 = Debug|Any CPU
		{C55EFF38-8344-41F1-BD70-80E81F23A165}.Release|Any CPU.ActiveCfg = Release|Any CPU
		{C55EFF38-8344-41F1-BD70-80E81F23A165}.Release|Any CPU.Build.0 = Release|Any CPU
		{C55EFF38-8344-41F1-BD70-80E81F23A165}.Release|x64.ActiveCfg = Release|Any CPU
		{C55EFF38-8344-41F1-BD70-80E81F23A165}.Release|x64.Build.0 = Release|Any CPU
		{C55EFF38-8344-41F1-BD70-80E81F23A165}.Release|x86.ActiveCfg = Release|Any CPU
		{C55EFF38-8344-41F1-BD70-80E81F23A165}.Release|x86.Build.0 = Release|Any CPU
		{783006F6-3894-47E2-99F8-223D1E218E68}.Debug|Any CPU.ActiveCfg = Debug|Any CPU
		{783006F6-3894-47E2-99F8-223D1E218E68}.Debug|Any CPU.Build.0 = Debug|Any CPU
		{783006F6-3894-47E2-99F8-223D1E218E68}.Debug|x64.ActiveCfg = Debug|Any CPU
		{783006F6-3894-47E2-99F8-223D1E218E68}.Debug|x64.Build.0 = Debug|Any CPU
		{783006F6-3894-47E2-99F8-223D1E218E68}.Debug|x86.ActiveCfg = Debug|Any CPU
		{783006F6-3894-47E2-99F8-223D1E218E68}.Debug|x86.Build.0 = Debug|Any CPU
		{783006F6-3894-47E2-99F8-223D1E218E68}.Release|Any CPU.ActiveCfg = Release|Any CPU
		{783006F6-3894-47E2-99F8-223D1E218E68}.Release|Any CPU.Build.0 = Release|Any CPU
		{783006F6-3894-47E2-99F8-223D1E218E68}.Release|x64.ActiveCfg = Release|Any CPU
		{783006F6-3894-47E2-99F8-223D1E218E68}.Release|x64.Build.0 = Release|Any CPU
		{783006F6-3894-47E2-99F8-223D1E218E68}.Release|x86.ActiveCfg = Release|Any CPU
		{783006F6-3894-47E2-99F8-223D1E218E68}.Release|x86.Build.0 = Release|Any CPU
	EndGlobalSection
	GlobalSection(SolutionProperties) = preSolution
		HideSolutionNode = FALSE
	EndGlobalSection
	GlobalSection(NestedProjects) = preSolution
		{38269559-B277-401C-9EE1-99D509F0D7D6} = {F2C77C1C-CCD0-469C-B13C-D1A26ED0EA67}
		{928410D5-D48D-4E3F-8F1F-FE7F283C335C} = {F2C77C1C-CCD0-469C-B13C-D1A26ED0EA67}
		{A1F5F7BB-05EA-451E-8CB9-611753F5FDCF} = {F2C77C1C-CCD0-469C-B13C-D1A26ED0EA67}
		{C55EFF38-8344-41F1-BD70-80E81F23A165} = {F2C77C1C-CCD0-469C-B13C-D1A26ED0EA67}
		{783006F6-3894-47E2-99F8-223D1E218E68} = {F2C77C1C-CCD0-469C-B13C-D1A26ED0EA67}
	EndGlobalSection
	GlobalSection(ExtensibilityGlobals) = postSolution
		SolutionGuid = {F8DFDB49-0A05-45FC-B87B-1CA86929D2B1}
	EndGlobalSection
EndGlobal
